{
  "name": "extract-photo-colors",
  "version": "1.0.0",
  "lockfileVersion": 3,
  "requires": true,
  "packages": {
    "": {
      "name": "extract-photo-colors",
      "version": "1.0.0",
      "license": "ISC",
      "dependencies": {
        "extract-colors": "^4.1.1"
      }
    },
    "node_modules/extract-colors": {
      "version": "4.1.1",
      "resolved": "https://registry.npmjs.org/extract-colors/-/extract-colors-4.1.1.tgz",
      "integrity": "sha512-Gi56cSrlCWr1DnX+0hN6c12auiAtQwyq5SI1GXb/jxmKKADGbshOYvfOq8YPCicBi9LdBLJstCUu0r1HzjlNXg=="
    }
  }
}
